
Microsoft Visual Studio Solution File, Format Version 12.00
# Visual Studio Version 16
VisualStudioVersion = 16.0.30413.136
MinimumVisualStudioVersion = 10.0.40219.1
Project("{9A19103F-16F7-4668-BE54-9A1E7A4F7556}") = "HelloWorld", "HelloWorld\HelloWorld.csproj", "{EA601837-C7FE-46DE-9510-6F4F8AFD891D}"
EndProject
Project("{FAE04EC0-301F-11D3-BF4B-00C04F79EFBC}") = "Metoder", "Metoder\Metoder.csproj", "{BB8D1417-DD98-428A-B28D-246AD33BE58F}"
EndProject
Global
	GlobalSection(SolutionConfigurationPlatforms) = preSolution
		Debug|Any CPU = Debug|Any CPU
		Release|Any CPU = Release|Any CPU
	EndGlobalSection
	GlobalSection(ProjectConfigurationPlatforms) = postSolution
		{EA601837-C7FE-46DE-9510-6F4F8AFD891D}.Debug|Any CPU.ActiveCfg = Debug|Any CPU
		{EA601837-C7FE-46DE-9510-6F4F8AFD891D}.Debug|Any CPU.Build.0 = Debug|Any CPU
		{EA601837-C7FE-46DE-9510-6F4F8AFD891D}.Release|Any CPU.ActiveCfg = Release|Any CPU
		{EA601837-C7FE-46DE-9510-6F4F8AFD891D}.Release|Any CPU.Build.0 = Release|Any CPU
		{BB8D1417-DD98-428A-B28D-246AD33BE58F}.Debug|Any CPU.ActiveCfg = Debug|Any CPU
		{BB8D1417-DD98-428A-B28D-246AD33BE58F}.Debug|Any CPU.Build.0 = Debug|Any CPU
		{BB8D1417-DD98-428A-B28D-246AD33BE58F}.Release|Any CPU.ActiveCfg = Release|Any CPU
		{BB8D1417-DD98-428A-B28D-246AD33BE58F}.Release|Any CPU.Build.0 = Release|Any CPU
	EndGlobalSection
	GlobalSection(SolutionProperties) = preSolution
		HideSolutionNode = FALSE
	EndGlobalSection
	GlobalSection(ExtensibilityGlobals) = postSolution
		SolutionGuid = {201FEEA1-7953-4FB8-8277-F2697C3E836A}
	EndGlobalSection
EndGlobal
